
Microsoft Visual Studio Solution File, Format Version 12.00
# Visual Studio Version 17
VisualStudioVersion = 17.0.31903.59
MinimumVisualStudioVersion = 10.0.40219.1
Project("{9A19103F-16F7-4668-BE54-9A1E7A4F7556}") = "FictionalCustomer.WebApp", "FictionalCustomer.WebApp\FictionalCustomer.WebApp.csproj", "{57A200D8-EDB9-405C-91C4-D754FACC9E73}"
EndProject
Project("{9A19103F-16F7-4668-BE54-9A1E7A4F7556}") = "FictionalCustomer.Core", "FictionalCustomer.Core\FictionalCustomer.Core.csproj", "{F5CC89A7-0212-4642-9C1A-1187FCE607DD}"
EndProject
Global
	GlobalSection(SolutionConfigurationPlatforms) = preSolution
		Debug|Any CPU = Debug|Any CPU
		Release|Any CPU = Release|Any CPU
	EndGlobalSection
	GlobalSection(ProjectConfigurationPlatforms) = postSolution
		{57A200D8-EDB9-405C-91C4-D754FACC9E73}.Debug|Any CPU.ActiveCfg = Debug|Any CPU
		{57A200D8-EDB9-405C-91C4-D754FACC9E73}.Debug|Any CPU.Build.0 = Debug|Any CPU
		{57A200D8-EDB9-405C-91C4-D754FACC9E73}.Release|Any CPU.ActiveCfg = Release|Any CPU
		{57A200D8-EDB9-405C-91C4-D754FACC9E73}.Release|Any CPU.Build.0 = Release|Any CPU
		{F5CC89A7-0212-4642-9C1A-1187FCE607DD}.Debug|Any CPU.ActiveCfg = Debug|Any CPU
		{F5CC89A7-0212-4642-9C1A-1187FCE607DD}.Debug|Any CPU.Build.0 = Debug|Any CPU
		{F5CC89A7-0212-4642-9C1A-1187FCE607DD}.Release|Any CPU.ActiveCfg = Release|Any CPU
		{F5CC89A7-0212-4642-9C1A-1187FCE607DD}.Release|Any CPU.Build.0 = Release|Any CPU
	EndGlobalSection
	GlobalSection(SolutionProperties) = preSolution
		HideSolutionNode = FALSE
	EndGlobalSection
	GlobalSection(ExtensibilityGlobals) = postSolution
		SolutionGuid = {FC8E8A41-4890-4AC7-B66C-B80A8D62C6C1}
	EndGlobalSection
EndGlobal
